
Microsoft Visual Studio Solution File, Format Version 12.00
# Visual Studio Version 16
VisualStudioVersion = 16.0.30225.117
MinimumVisualStudioVersion = 10.0.40219.1
Project("{FAE04EC0-301F-11D3-BF4B-00C04F79EFBC}") = "BolishGame", "BolishGame\BolishGame.csproj", "{D62DA64F-AA85-412D-8879-9D51F330BA14}"
EndProject
Global
	GlobalSection(SolutionConfigurationPlatforms) = preSolution
		Debug|Any CPU = Debug|Any CPU
		Release|Any CPU = Release|Any CPU
	EndGlobalSection
	GlobalSection(ProjectConfigurationPlatforms) = postSolution
		{D62DA64F-AA85-412D-8879-9D51F330BA14}.Debug|Any CPU.ActiveCfg = Debug|Any CPU
		{D62DA64F-AA85-412D-8879-9D51F330BA14}.Debug|Any CPU.Build.0 = Debug|Any CPU
		{D62DA64F-AA85-412D-8879-9D51F330BA14}.Release|Any CPU.ActiveCfg = Release|Any CPU
		{D62DA64F-AA85-412D-8879-9D51F330BA14}.Release|Any CPU.Build.0 = Release|Any CPU
	EndGlobalSection
	GlobalSection(SolutionProperties) = preSolution
		HideSolutionNode = FALSE
	EndGlobalSection
	GlobalSection(ExtensibilityGlobals) = postSolution
		SolutionGuid = {0F8833F2-AEF7-4149-B3DC-99E4B6CD0CC2}
	EndGlobalSection
EndGlobal
